started: 2026-08-20T18:42:44Z
harness: claude-code
model: unknown
role: executor
branch: feature/EPIC-025
task: TASK-114
next_step: TASK-109..114 done and committed in both repos. Next: TASK-115 documents and decisions. Live verification of payments, uploads, and email still needs owner-created provider accounts.
last_verification: unknown
files_touched: backlog/done/TASK-114.md project-state/state.json 
