started: 2026-08-19T23:33:56Z
harness: claude-code
model: unknown
role: executor
branch: feature/EPIC-025
task: TASK-108
next_step: TASK-106/107 done; TASK-108 foundation built and verified locally in ../sandala-client-ops (branch feature/EPIC-025). Blocked on owner: provider accounts for deployment, GitHub remote, @types sign-off, linter decision. TASK-109 (engagement model) needs none of those.
last_verification: unknown
files_touched: 
