started: 2026-08-19T22:47:59Z
harness: claude-code
model: unknown
role: executor
branch: feature/EPIC-025
task: TASK-106
next_step: TASK-107: architecture.md, security-baseline.md and DEP-20260819-223803-architecture.md complete (review-ready). Next: owner approval of plan + repo boundary, then rewrite TASK-108..119 focus paths
last_verification: unknown
files_touched: project-state/AGENT_LOG.md project-state/session.lock 
